
Microsoft Visual Studio Solution File, Format Version 12.00
# Visual Studio Version 17
VisualStudioVersion = 17.3.32922.545
MinimumVisualStudioVersion = 10.0.40219.1
Project("{FAE04EC0-301F-11D3-BF4B-00C04F79EFBC}") = "OnlineShop", "OnlineShop\OnlineShop.csproj", "{5455A61F-B334-40C2-AC95-F308F400A9D7}"
EndProject
Project("{FAE04EC0-301F-11D3-BF4B-00C04F79EFBC}") = "OnlineShopApi", "OnlineShopApi\OnlineShopApi.csproj", "{C7186A48-BD24-4995-9412-BA1FBD231D68}"
EndProject
Project("{FAE04EC0-301F-11D3-BF4B-00C04F79EFBC}") = "OnlineShop.Models", "OnlineShop.Models\OnlineShop.Models.csproj", "{F4406AC8-9EE9-4E63-8054-ABB40A81E530}"
EndProject
Global
	GlobalSection(SolutionConfigurationPlatforms) = preSolution
		Debug|Any CPU = Debug|Any CPU
		Release|Any CPU = Release|Any CPU
	EndGlobalSection
	GlobalSection(ProjectConfigurationPlatforms) = postSolution
		{5455A61F-B334-40C2-AC95-F308F400A9D7}.Debug|Any CPU.ActiveCfg = Debug|Any CPU
		{5455A61F-B334-40C2-AC95-F308F400A9D7}.Debug|Any CPU.Build.0 = Debug|Any CPU
		{5455A61F-B334-40C2-AC95-F308F400A9D7}.Release|Any CPU.ActiveCfg = Release|Any CPU
		{5455A61F-B334-40C2-AC95-F308F400A9D7}.Release|Any CPU.Build.0 = Release|Any CPU
		{C7186A48-BD24-4995-9412-BA1FBD231D68}.Debug|Any CPU.ActiveCfg = Debug|Any CPU
		{C7186A48-BD24-4995-9412-BA1FBD231D68}.Debug|Any CPU.Build.0 = Debug|Any CPU
		{C7186A48-BD24-4995-9412-BA1FBD231D68}.Release|Any CPU.ActiveCfg = Release|Any CPU
		{C7186A48-BD24-4995-9412-BA1FBD231D68}.Release|Any CPU.Build.0 = Release|Any CPU
		{F4406AC8-9EE9-4E63-8054-ABB40A81E530}.Debug|Any CPU.ActiveCfg = Debug|Any CPU
		{F4406AC8-9EE9-4E63-8054-ABB40A81E530}.Debug|Any CPU.Build.0 = Debug|Any CPU
		{F4406AC8-9EE9-4E63-8054-ABB40A81E530}.Release|Any CPU.ActiveCfg = Release|Any CPU
		{F4406AC8-9EE9-4E63-8054-ABB40A81E530}.Release|Any CPU.Build.0 = Release|Any CPU
	EndGlobalSection
	GlobalSection(SolutionProperties) = preSolution
		HideSolutionNode = FALSE
	EndGlobalSection
	GlobalSection(ExtensibilityGlobals) = postSolution
		SolutionGuid = {A175A3BB-1EA0-4F63-BF45-766670387A62}
	EndGlobalSection
EndGlobal
